
Microsoft Visual Studio Solution File, Format Version 12.00
# Visual Studio Version 16
VisualStudioVersion = 16.0.31613.86
MinimumVisualStudioVersion = 10.0.40219.1
Project("{FAE04EC0-301F-11D3-BF4B-00C04F79EFBC}") = "ParkingSpaceAPI", "ParkingSpaceAPI.csproj", "{99AA4486-AC7B-4633-8FEC-27A857D07288}"
EndProject
Global
	GlobalSection(SolutionConfigurationPlatforms) = preSolution
		Debug|Any CPU = Debug|Any CPU
		Release|Any CPU = Release|Any CPU
	EndGlobalSection
	GlobalSection(ProjectConfigurationPlatforms) = postSolution
		{99AA4486-AC7B-4633-8FEC-27A857D07288}.Debug|Any CPU.ActiveCfg = Debug|Any CPU
		{99AA4486-AC7B-4633-8FEC-27A857D07288}.Debug|Any CPU.Build.0 = Debug|Any CPU
		{99AA4486-AC7B-4633-8FEC-27A857D07288}.Release|Any CPU.ActiveCfg = Release|Any CPU
		{99AA4486-AC7B-4633-8FEC-27A857D07288}.Release|Any CPU.Build.0 = Release|Any CPU
	EndGlobalSection
	GlobalSection(SolutionProperties) = preSolution
		HideSolutionNode = FALSE
	EndGlobalSection
	GlobalSection(ExtensibilityGlobals) = postSolution
		SolutionGuid = {0D7DE31E-82F2-406F-A22C-EEB74098FA3F}
	EndGlobalSection
EndGlobal
